<?xml version="1.0" encoding="utf-8"?>
<Project ToolsVersion="4.0" xmlns="http://schemas.microsoft.com/developer/msbuild/2003">
  <ItemGroup>
    <None Include="LICENSE" />
    <None Include="msbuild.bat" />
    <None Include="packages.config" />
    <None Include="..\src\collada\ak_collada_strpool.json">
      <Filter>src\collada</Filter>
    </None>
    <None Include="..\src\collada\strpool.py">
      <Filter>src\collada</Filter>
    </None>
  </ItemGroup>
  <ItemGroup>
    <Filter Include="include">
      <UniqueIdentifier>{78257a39-198f-4d95-899f-3feb76f1dd7e}</UniqueIdentifier>
    </Filter>
    <Filter Include="src">
      <UniqueIdentifier>{e5d4db32-68f2-4280-ad08-76dbaa048227}</UniqueIdentifier>
    </Filter>
    <Filter Include="src\collada">
      <UniqueIdentifier>{e55032b8-7fa4-4590-a039-a754e4e0a7b9}</UniqueIdentifier>
    </Filter>
    <Filter Include="src\collada\core">
      <UniqueIdentifier>{6ed9fb3b-8242-4ca2-96c0-3976cc338754}</UniqueIdentifier>
    </Filter>
    <Filter Include="src\collada\brep">
      <UniqueIdentifier>{bdc4ae46-3e0c-42db-a015-5ac3d3482167}</UniqueIdentifier>
    </Filter>
    <Filter Include="src\collada\fx">
      <UniqueIdentifier>{e67a4d16-94c4-4af0-b187-72baa064b196}</UniqueIdentifier>
    </Filter>
    <Filter Include="src\collada\kinematics">
      <UniqueIdentifier>{49f1d3de-9f2b-4b1f-ab13-1a4fd5f8ebcc}</UniqueIdentifier>
    </Filter>
    <Filter Include="src\collada\physics">
      <UniqueIdentifier>{c3ac5b71-f962-4610-8717-01e0458b54fc}</UniqueIdentifier>
    </Filter>
    <Filter Include="src\bbox">
      <UniqueIdentifier>{05fda68c-a9a3-4626-954e-8fe28ad57948}</UniqueIdentifier>
    </Filter>
    <Filter Include="src\mesh">
      <UniqueIdentifier>{0b546430-5692-4acc-a9e4-1b207259ca44}</UniqueIdentifier>
    </Filter>
    <Filter Include="src\image">
      <UniqueIdentifier>{1177d609-6502-4a02-baa4-0920e41fb307}</UniqueIdentifier>
    </Filter>
    <Filter Include="src\bitwise">
      <UniqueIdentifier>{e93aa82a-c4df-458b-b362-eda9303c783e}</UniqueIdentifier>
    </Filter>
    <Filter Include="src\resc">
      <UniqueIdentifier>{3010be00-6d7e-4a02-b4e3-d195e0a42bdb}</UniqueIdentifier>
    </Filter>
    <Filter Include="src\opt">
      <UniqueIdentifier>{41b177f2-b1b7-46cb-9b02-6d7caa885e57}</UniqueIdentifier>
    </Filter>
    <Filter Include="src\transform">
      <UniqueIdentifier>{6b3e00af-6299-4afd-8d6a-e61424ff2348}</UniqueIdentifier>
    </Filter>
    <Filter Include="src\camera">
      <UniqueIdentifier>{1b789b04-da10-41ab-8212-0db4aee4c36b}</UniqueIdentifier>
    </Filter>
    <Filter Include="src\geom">
      <UniqueIdentifier>{ca36e404-aa48-4787-86a9-d69e962c5d43}</UniqueIdentifier>
    </Filter>
    <Filter Include="src\instance">
      <UniqueIdentifier>{724e58f5-bb09-42d5-b543-9f33391e4364}</UniqueIdentifier>
    </Filter>
    <Filter Include="src\lib">
      <UniqueIdentifier>{67209d78-2975-48e7-b37d-2789d6b382a1}</UniqueIdentifier>
    </Filter>
    <Filter Include="src\default">
      <UniqueIdentifier>{039358a9-b2b8-4e65-9977-79d31f26f798}</UniqueIdentifier>
    </Filter>
    <Filter Include="src\coord_sys">
      <UniqueIdentifier>{6baf1360-5a46-41cd-ae5d-a0e0e1b0f7e6}</UniqueIdentifier>
    </Filter>
    <Filter Include="src\win32">
      <UniqueIdentifier>{40e7b53a-e724-492f-8b13-10585f5a9706}</UniqueIdentifier>
    </Filter>
  </ItemGroup>
  <ItemGroup>
    <ClInclude Include="..\include\ak-bbox.h">
      <Filter>include</Filter>
    </ClInclude>
    <ClInclude Include="..\include\ak-cam.h">
      <Filter>include</Filter>
    </ClInclude>
    <ClInclude Include="..\include\ak-common.h">
      <Filter>include</Filter>
    </ClInclude>
    <ClInclude Include="..\include\ak-coord.h">
      <Filter>include</Filter>
    </ClInclude>
    <ClInclude Include="..\include\ak-coord-util.h">
      <Filter>include</Filter>
    </ClInclude>
    <ClInclude Include="..\include\ak-geom.h">
      <Filter>include</Filter>
    </ClInclude>
    <ClInclude Include="..\include\ak-image.h">
      <Filter>include</Filter>
    </ClInclude>
    <ClInclude Include="..\include\ak-instance.h">
      <Filter>include</Filter>
    </ClInclude>
    <ClInclude Include="..\include\ak-lib.h">
      <Filter>include</Filter>
    </ClInclude>
    <ClInclude Include="..\include\ak-light.h">
      <Filter>include</Filter>
    </ClInclude>
    <ClInclude Include="..\include\ak-map.h">
      <Filter>include</Filter>
    </ClInclude>
    <ClInclude Include="..\include\ak-material.h">
      <Filter>include</Filter>
    </ClInclude>
    <ClInclude Include="..\include\ak-memory.h">
      <Filter>include</Filter>
    </ClInclude>
    <ClInclude Include="..\include\ak-options.h">
      <Filter>include</Filter>
    </ClInclude>
    <ClInclude Include="..\include\ak-path.h">
      <Filter>include</Filter>
    </ClInclude>
    <ClInclude Include="..\include\ak-profile.h">
      <Filter>include</Filter>
    </ClInclude>
    <ClInclude Include="..\include\ak-rb.h">
      <Filter>include</Filter>
    </ClInclude>
    <ClInclude Include="..\include\ak-sid.h">
      <Filter>include</Filter>
    </ClInclude>
    <ClInclude Include="..\include\ak-source.h">
      <Filter>include</Filter>
    </ClInclude>
    <ClInclude Include="..\include\ak-states.h">
      <Filter>include</Filter>
    </ClInclude>
    <ClInclude Include="..\include\ak-string.h">
      <Filter>include</Filter>
    </ClInclude>
    <ClInclude Include="..\include\ak-transform.h">
      <Filter>include</Filter>
    </ClInclude>
    <ClInclude Include="..\include\ak-trash.h">
      <Filter>include</Filter>
    </ClInclude>
    <ClInclude Include="..\include\ak-url.h">
      <Filter>include</Filter>
    </ClInclude>
    <ClInclude Include="..\include\ak-util.h">
      <Filter>include</Filter>
    </ClInclude>
    <ClInclude Include="..\include\assetkit.h">
      <Filter>include</Filter>
    </ClInclude>
    <ClInclude Include="..\src\bbox\ak_bbox.h">
      <Filter>src\bbox</Filter>
    </ClInclude>
    <ClInclude Include="..\src\bitwise\ak_bitwise.h">
      <Filter>src\bitwise</Filter>
    </ClInclude>
    <ClInclude Include="..\src\coord_sys\ak_coord_common.h">
      <Filter>src\coord_sys</Filter>
    </ClInclude>
    <ClInclude Include="..\src\default\ak_def_opt.h">
      <Filter>src\default</Filter>
    </ClInclude>
    <ClInclude Include="..\src\default\ak_def_semantic.h">
      <Filter>src\default</Filter>
    </ClInclude>
    <ClInclude Include="..\src\mesh\ak_mesh_index.h">
      <Filter>src\mesh</Filter>
    </ClInclude>
    <ClInclude Include="..\src\mesh\ak_mesh_util.h">
      <Filter>src\mesh</Filter>
    </ClInclude>
    <ClInclude Include="..\src\resc\ak_curl.h">
      <Filter>src\resc</Filter>
    </ClInclude>
    <ClInclude Include="..\src\resc\ak_resource.h">
      <Filter>src\resc</Filter>
    </ClInclude>
    <ClInclude Include="..\src\collada\core\ak_collada_accessor.h">
      <Filter>src\collada\core</Filter>
    </ClInclude>
    <ClInclude Include="..\src\collada\core\ak_collada_annotate.h">
      <Filter>src\collada\core</Filter>
    </ClInclude>
    <ClInclude Include="..\src\collada\core\ak_collada_asset.h">
      <Filter>src\collada\core</Filter>
    </ClInclude>
    <ClInclude Include="..\src\collada\core\ak_collada_camera.h">
      <Filter>src\collada\core</Filter>
    </ClInclude>
    <ClInclude Include="..\src\collada\core\ak_collada_color.h">
      <Filter>src\collada\core</Filter>
    </ClInclude>
    <ClInclude Include="..\src\collada\core\ak_collada_controller.h">
      <Filter>src\collada\core</Filter>
    </ClInclude>
    <ClInclude Include="..\src\collada\core\ak_collada_enums.h">
      <Filter>src\collada\core</Filter>
    </ClInclude>
    <ClInclude Include="..\src\collada\core\ak_collada_evaluate_scene.h">
      <Filter>src\collada\core</Filter>
    </ClInclude>
    <ClInclude Include="..\src\collada\core\ak_collada_geometry.h">
      <Filter>src\collada\core</Filter>
    </ClInclude>
    <ClInclude Include="..\src\collada\core\ak_collada_light.h">
      <Filter>src\collada\core</Filter>
    </ClInclude>
    <ClInclude Include="..\src\collada\core\ak_collada_lines.h">
      <Filter>src\collada\core</Filter>
    </ClInclude>
    <ClInclude Include="..\src\collada\core\ak_collada_mesh.h">
      <Filter>src\collada\core</Filter>
    </ClInclude>
    <ClInclude Include="..\src\collada\core\ak_collada_morph.h">
      <Filter>src\collada\core</Filter>
    </ClInclude>
    <ClInclude Include="..\src\collada\core\ak_collada_node.h">
      <Filter>src\collada\core</Filter>
    </ClInclude>
    <ClInclude Include="..\src\collada\core\ak_collada_param.h">
      <Filter>src\collada\core</Filter>
    </ClInclude>
    <ClInclude Include="..\src\collada\core\ak_collada_polygons.h">
      <Filter>src\collada\core</Filter>
    </ClInclude>
    <ClInclude Include="..\src\collada\core\ak_collada_render.h">
      <Filter>src\collada\core</Filter>
    </ClInclude>
    <ClInclude Include="..\src\collada\core\ak_collada_scene.h">
      <Filter>src\collada\core</Filter>
    </ClInclude>
    <ClInclude Include="..\src\collada\core\ak_collada_skin.h">
      <Filter>src\collada\core</Filter>
    </ClInclude>
    <ClInclude Include="..\src\collada\core\ak_collada_source.h">
      <Filter>src\collada\core</Filter>
    </ClInclude>
    <ClInclude Include="..\src\collada\core\ak_collada_spline.h">
      <Filter>src\collada\core</Filter>
    </ClInclude>
    <ClInclude Include="..\src\collada\core\ak_collada_technique.h">
      <Filter>src\collada\core</Filter>
    </ClInclude>
    <ClInclude Include="..\src\collada\core\ak_collada_triangles.h">
      <Filter>src\collada\core</Filter>
    </ClInclude>
    <ClInclude Include="..\src\collada\core\ak_collada_value.h">
      <Filter>src\collada\core</Filter>
    </ClInclude>
    <ClInclude Include="..\src\collada\core\ak_collada_vertices.h">
      <Filter>src\collada\core</Filter>
    </ClInclude>
    <ClInclude Include="..\src\collada\core\ak_collada_visual_scene.h">
      <Filter>src\collada\core</Filter>
    </ClInclude>
    <ClInclude Include="..\src\collada\fx\ak_collada_fx_binary.h">
      <Filter>src\collada\fx</Filter>
    </ClInclude>
    <ClInclude Include="..\src\collada\fx\ak_collada_fx_blinn_phong.h">
      <Filter>src\collada\fx</Filter>
    </ClInclude>
    <ClInclude Include="..\src\collada\fx\ak_collada_fx_color_or_tex.h">
      <Filter>src\collada\fx</Filter>
    </ClInclude>
    <ClInclude Include="..\src\collada\fx\ak_collada_fx_constant.h">
      <Filter>src\collada\fx</Filter>
    </ClInclude>
    <ClInclude Include="..\src\collada\fx\ak_collada_fx_effect.h">
      <Filter>src\collada\fx</Filter>
    </ClInclude>
    <ClInclude Include="..\src\collada\fx\ak_collada_fx_enums.h">
      <Filter>src\collada\fx</Filter>
    </ClInclude>
    <ClInclude Include="..\src\collada\fx\ak_collada_fx_evaluate.h">
      <Filter>src\collada\fx</Filter>
    </ClInclude>
    <ClInclude Include="..\src\collada\fx\ak_collada_fx_float_or_param.h">
      <Filter>src\collada\fx</Filter>
    </ClInclude>
    <ClInclude Include="..\src\collada\fx\ak_collada_fx_image.h">
      <Filter>src\collada\fx</Filter>
    </ClInclude>
    <ClInclude Include="..\src\collada\fx\ak_collada_fx_lambert.h">
      <Filter>src\collada\fx</Filter>
    </ClInclude>
    <ClInclude Include="..\src\collada\fx\ak_collada_fx_material.h">
      <Filter>src\collada\fx</Filter>
    </ClInclude>
    <ClInclude Include="..\src\collada\fx\ak_collada_fx_pass.h">
      <Filter>src\collada\fx</Filter>
    </ClInclude>
    <ClInclude Include="..\src\collada\fx\ak_collada_fx_profile.h">
      <Filter>src\collada\fx</Filter>
    </ClInclude>
    <ClInclude Include="..\src\collada\fx\ak_collada_fx_program.h">
      <Filter>src\collada\fx</Filter>
    </ClInclude>
    <ClInclude Include="..\src\collada\fx\ak_collada_fx_sampler.h">
      <Filter>src\collada\fx</Filter>
    </ClInclude>
    <ClInclude Include="..\src\collada\fx\ak_collada_fx_shader.h">
      <Filter>src\collada\fx</Filter>
    </ClInclude>
    <ClInclude Include="..\src\collada\fx\ak_collada_fx_states.h">
      <Filter>src\collada\fx</Filter>
    </ClInclude>
    <ClInclude Include="..\src\collada\fx\ak_collada_fx_states_detail.h">
      <Filter>src\collada\fx</Filter>
    </ClInclude>
    <ClInclude Include="..\src\collada\fx\ak_collada_fx_technique.h">
      <Filter>src\collada\fx</Filter>
    </ClInclude>
    <ClInclude Include="..\src\collada\fx\ak_collada_fx_uniform.h">
      <Filter>src\collada\fx</Filter>
    </ClInclude>
    <ClInclude Include="..\src\collada\brep\ak_collada_brep.h">
      <Filter>src\collada\brep</Filter>
    </ClInclude>
    <ClInclude Include="..\src\collada\brep\ak_collada_brep_curve.h">
      <Filter>src\collada\brep</Filter>
    </ClInclude>
    <ClInclude Include="..\src\collada\brep\ak_collada_brep_nurbs.h">
      <Filter>src\collada\brep</Filter>
    </ClInclude>
    <ClInclude Include="..\src\collada\brep\ak_collada_brep_surface.h">
      <Filter>src\collada\brep</Filter>
    </ClInclude>
    <ClInclude Include="..\src\collada\brep\ak_collada_brep_topology.h">
      <Filter>src\collada\brep</Filter>
    </ClInclude>
    <ClInclude Include="..\src\collada\ak_collada.h">
      <Filter>src\collada</Filter>
    </ClInclude>
    <ClInclude Include="..\src\collada\ak_collada_common.h">
      <Filter>src\collada</Filter>
    </ClInclude>
    <ClInclude Include="..\src\collada\ak_collada_geom_fixup.h">
      <Filter>src\collada</Filter>
    </ClInclude>
    <ClInclude Include="..\src\collada\ak_collada_lib.h">
      <Filter>src\collada</Filter>
    </ClInclude>
    <ClInclude Include="..\src\collada\ak_collada_mesh_fixup.h">
      <Filter>src\collada</Filter>
    </ClInclude>
    <ClInclude Include="..\src\collada\ak_collada_node_fixup.h">
      <Filter>src\collada</Filter>
    </ClInclude>
    <ClInclude Include="..\src\collada\ak_collada_postscript.h">
      <Filter>src\collada</Filter>
    </ClInclude>
    <ClInclude Include="..\src\collada\ak_collada_strpool.h">
      <Filter>src\collada</Filter>
    </ClInclude>
    <ClInclude Include="..\src\ak_accessor.h">
      <Filter>src</Filter>
    </ClInclude>
    <ClInclude Include="..\src\ak_array.h">
      <Filter>src</Filter>
    </ClInclude>
    <ClInclude Include="..\src\ak_common.h">
      <Filter>src</Filter>
    </ClInclude>
    <ClInclude Include="..\src\ak_data.h">
      <Filter>src</Filter>
    </ClInclude>
    <ClInclude Include="..\src\ak_hex.h">
      <Filter>src</Filter>
    </ClInclude>
    <ClInclude Include="..\src\ak_id.h">
      <Filter>src</Filter>
    </ClInclude>
    <ClInclude Include="..\src\ak_libxml.h">
      <Filter>src</Filter>
    </ClInclude>
    <ClInclude Include="..\src\ak_memory_common.h">
      <Filter>src</Filter>
    </ClInclude>
    <ClInclude Include="..\src\ak_memory_lt.h">
      <Filter>src</Filter>
    </ClInclude>
    <ClInclude Include="..\src\ak_memory_rb.h">
      <Filter>src</Filter>
    </ClInclude>
    <ClInclude Include="..\src\ak_trash.h">
      <Filter>src</Filter>
    </ClInclude>
    <ClInclude Include="..\src\ak_tree.h">
      <Filter>src</Filter>
    </ClInclude>
    <ClInclude Include="..\src\ak_utils.h">
      <Filter>src</Filter>
    </ClInclude>
    <ClInclude Include="..\src\config.h">
      <Filter>src</Filter>
    </ClInclude>
  </ItemGroup>
  <ItemGroup>
    <ClCompile Include="..\src\bbox\ak_bbox.c">
      <Filter>src\bbox</Filter>
    </ClCompile>
    <ClCompile Include="..\src\bbox\ak_bbox_geom.c">
      <Filter>src\bbox</Filter>
    </ClCompile>
    <ClCompile Include="..\src\bbox\ak_bbox_mesh.c">
      <Filter>src\bbox</Filter>
    </ClCompile>
    <ClCompile Include="..\src\bbox\ak_bbox_mesh_prim.c">
      <Filter>src\bbox</Filter>
    </ClCompile>
    <ClCompile Include="..\src\bbox\ak_bbox_scene.c">
      <Filter>src\bbox</Filter>
    </ClCompile>
    <ClCompile Include="..\src\camera\ak_cam.c">
      <Filter>src\camera</Filter>
    </ClCompile>
    <ClCompile Include="..\src\coord_sys\ak_coord_camera.c">
      <Filter>src\coord_sys</Filter>
    </ClCompile>
    <ClCompile Include="..\src\coord_sys\ak_coord_common.c">
      <Filter>src\coord_sys</Filter>
    </ClCompile>
    <ClCompile Include="..\src\coord_sys\ak_coord_doc.c">
      <Filter>src\coord_sys</Filter>
    </ClCompile>
    <ClCompile Include="..\src\coord_sys\ak_coord_geom.c">
      <Filter>src\coord_sys</Filter>
    </ClCompile>
    <ClCompile Include="..\src\coord_sys\ak_coord_mesh.c">
      <Filter>src\coord_sys</Filter>
    </ClCompile>
    <ClCompile Include="..\src\coord_sys\ak_coord_transform.c">
      <Filter>src\coord_sys</Filter>
    </ClCompile>
    <ClCompile Include="..\src\coord_sys\ak_coord_transforms.c">
      <Filter>src\coord_sys</Filter>
    </ClCompile>
    <ClCompile Include="..\src\coord_sys\ak_coord_vector.c">
      <Filter>src\coord_sys</Filter>
    </ClCompile>
    <ClCompile Include="..\src\default\ak_def_cmp.c">
      <Filter>src\default</Filter>
    </ClCompile>
    <ClCompile Include="..\src\default\ak_def_coord.c">
      <Filter>src\default</Filter>
    </ClCompile>
    <ClCompile Include="..\src\default\ak_def_id.c">
      <Filter>src\default</Filter>
    </ClCompile>
    <ClCompile Include="..\src\default\ak_def_opt.c">
      <Filter>src\default</Filter>
    </ClCompile>
    <ClCompile Include="..\src\default\ak_def_semantic.c">
      <Filter>src\default</Filter>
    </ClCompile>
    <ClCompile Include="..\src\geom\ak_geom_mesh.c">
      <Filter>src\geom</Filter>
    </ClCompile>
    <ClCompile Include="..\src\instance\ak_inst.c">
      <Filter>src\instance</Filter>
    </ClCompile>
    <ClCompile Include="..\src\instance\ak_inst_list.c">
      <Filter>src\instance</Filter>
    </ClCompile>
    <ClCompile Include="..\src\lib\ak_lib_geom.c">
      <Filter>src\lib</Filter>
    </ClCompile>
    <ClCompile Include="..\src\mesh\ak_mesh_index.c">
      <Filter>src\mesh</Filter>
    </ClCompile>
    <ClCompile Include="..\src\mesh\ak_mesh_material.c">
      <Filter>src\mesh</Filter>
    </ClCompile>
    <ClCompile Include="..\src\mesh\ak_mesh_normal.c">
      <Filter>src\mesh</Filter>
    </ClCompile>
    <ClCompile Include="..\src\mesh\ak_mesh_triangulate.c">
      <Filter>src\mesh</Filter>
    </ClCompile>
    <ClCompile Include="..\src\mesh\ak_mesh_util.c">
      <Filter>src\mesh</Filter>
    </ClCompile>
    <ClCompile Include="..\src\resc\ak_curl.c">
      <Filter>src\resc</Filter>
    </ClCompile>
    <ClCompile Include="..\src\resc\ak_path.c">
      <Filter>src\resc</Filter>
    </ClCompile>
    <ClCompile Include="..\src\resc\ak_resource.c">
      <Filter>src\resc</Filter>
    </ClCompile>
    <ClCompile Include="..\src\resc\ak_url.c">
      <Filter>src\resc</Filter>
    </ClCompile>
    <ClCompile Include="..\src\transform\ak_trans.c">
      <Filter>src\transform</Filter>
    </ClCompile>
    <ClCompile Include="..\src\transform\ak_trans_dup.c">
      <Filter>src\transform</Filter>
    </ClCompile>
    <ClCompile Include="..\src\transform\ak_trans_traverse.c">
      <Filter>src\transform</Filter>
    </ClCompile>
    <ClCompile Include="..\src\win32\strptime.c">
      <Filter>src\win32</Filter>
    </ClCompile>
    <ClCompile Include="..\src\collada\core\ak_collada_accessor.c">
      <Filter>src\collada\core</Filter>
    </ClCompile>
    <ClCompile Include="..\src\collada\core\ak_collada_annotate.c">
      <Filter>src\collada\core</Filter>
    </ClCompile>
    <ClCompile Include="..\src\collada\core\ak_collada_asset.c">
      <Filter>src\collada\core</Filter>
    </ClCompile>
    <ClCompile Include="..\src\collada\core\ak_collada_camera.c">
      <Filter>src\collada\core</Filter>
    </ClCompile>
    <ClCompile Include="..\src\collada\core\ak_collada_color.c">
      <Filter>src\collada\core</Filter>
    </ClCompile>
    <ClCompile Include="..\src\collada\core\ak_collada_controller.c">
      <Filter>src\collada\core</Filter>
    </ClCompile>
    <ClCompile Include="..\src\collada\core\ak_collada_enums.c">
      <Filter>src\collada\core</Filter>
    </ClCompile>
    <ClCompile Include="..\src\collada\core\ak_collada_evaluate_scene.c">
      <Filter>src\collada\core</Filter>
    </ClCompile>
    <ClCompile Include="..\src\collada\core\ak_collada_geometry.c">
      <Filter>src\collada\core</Filter>
    </ClCompile>
    <ClCompile Include="..\src\collada\core\ak_collada_light.c">
      <Filter>src\collada\core</Filter>
    </ClCompile>
    <ClCompile Include="..\src\collada\core\ak_collada_lines.c">
      <Filter>src\collada\core</Filter>
    </ClCompile>
    <ClCompile Include="..\src\collada\core\ak_collada_mesh.c">
      <Filter>src\collada\core</Filter>
    </ClCompile>
    <ClCompile Include="..\src\collada\core\ak_collada_morph.c">
      <Filter>src\collada\core</Filter>
    </ClCompile>
    <ClCompile Include="..\src\collada\core\ak_collada_node.c">
      <Filter>src\collada\core</Filter>
    </ClCompile>
    <ClCompile Include="..\src\collada\core\ak_collada_param.c">
      <Filter>src\collada\core</Filter>
    </ClCompile>
    <ClCompile Include="..\src\collada\core\ak_collada_polygons.c">
      <Filter>src\collada\core</Filter>
    </ClCompile>
    <ClCompile Include="..\src\collada\core\ak_collada_render.c">
      <Filter>src\collada\core</Filter>
    </ClCompile>
    <ClCompile Include="..\src\collada\core\ak_collada_scene.c">
      <Filter>src\collada\core</Filter>
    </ClCompile>
    <ClCompile Include="..\src\collada\core\ak_collada_skin.c">
      <Filter>src\collada\core</Filter>
    </ClCompile>
    <ClCompile Include="..\src\collada\core\ak_collada_source.c">
      <Filter>src\collada\core</Filter>
    </ClCompile>
    <ClCompile Include="..\src\collada\core\ak_collada_spline.c">
      <Filter>src\collada\core</Filter>
    </ClCompile>
    <ClCompile Include="..\src\collada\core\ak_collada_technique.c">
      <Filter>src\collada\core</Filter>
    </ClCompile>
    <ClCompile Include="..\src\collada\core\ak_collada_triangles.c">
      <Filter>src\collada\core</Filter>
    </ClCompile>
    <ClCompile Include="..\src\collada\core\ak_collada_value.c">
      <Filter>src\collada\core</Filter>
    </ClCompile>
    <ClCompile Include="..\src\collada\core\ak_collada_vertices.c">
      <Filter>src\collada\core</Filter>
    </ClCompile>
    <ClCompile Include="..\src\collada\core\ak_collada_visual_scene.c">
      <Filter>src\collada\core</Filter>
    </ClCompile>
    <ClCompile Include="..\src\collada\fx\ak_collada_fx_binary.c">
      <Filter>src\collada\fx</Filter>
    </ClCompile>
    <ClCompile Include="..\src\collada\fx\ak_collada_fx_blinn_phong.c">
      <Filter>src\collada\fx</Filter>
    </ClCompile>
    <ClCompile Include="..\src\collada\fx\ak_collada_fx_color_or_tex.c">
      <Filter>src\collada\fx</Filter>
    </ClCompile>
    <ClCompile Include="..\src\collada\fx\ak_collada_fx_constant.c">
      <Filter>src\collada\fx</Filter>
    </ClCompile>
    <ClCompile Include="..\src\collada\fx\ak_collada_fx_effect.c">
      <Filter>src\collada\fx</Filter>
    </ClCompile>
    <ClCompile Include="..\src\collada\fx\ak_collada_fx_enums.c">
      <Filter>src\collada\fx</Filter>
    </ClCompile>
    <ClCompile Include="..\src\collada\fx\ak_collada_fx_evaluate.c">
      <Filter>src\collada\fx</Filter>
    </ClCompile>
    <ClCompile Include="..\src\collada\fx\ak_collada_fx_float_or_param.c">
      <Filter>src\collada\fx</Filter>
    </ClCompile>
    <ClCompile Include="..\src\collada\fx\ak_collada_fx_image.c">
      <Filter>src\collada\fx</Filter>
    </ClCompile>
    <ClCompile Include="..\src\collada\fx\ak_collada_fx_lambert.c">
      <Filter>src\collada\fx</Filter>
    </ClCompile>
    <ClCompile Include="..\src\collada\fx\ak_collada_fx_material.c">
      <Filter>src\collada\fx</Filter>
    </ClCompile>
    <ClCompile Include="..\src\collada\fx\ak_collada_fx_pass.c">
      <Filter>src\collada\fx</Filter>
    </ClCompile>
    <ClCompile Include="..\src\collada\fx\ak_collada_fx_profile.c">
      <Filter>src\collada\fx</Filter>
    </ClCompile>
    <ClCompile Include="..\src\collada\fx\ak_collada_fx_program.c">
      <Filter>src\collada\fx</Filter>
    </ClCompile>
    <ClCompile Include="..\src\collada\fx\ak_collada_fx_sampler.c">
      <Filter>src\collada\fx</Filter>
    </ClCompile>
    <ClCompile Include="..\src\collada\fx\ak_collada_fx_shader.c">
      <Filter>src\collada\fx</Filter>
    </ClCompile>
    <ClCompile Include="..\src\collada\fx\ak_collada_fx_states.c">
      <Filter>src\collada\fx</Filter>
    </ClCompile>
    <ClCompile Include="..\src\collada\fx\ak_collada_fx_states_detail.c">
      <Filter>src\collada\fx</Filter>
    </ClCompile>
    <ClCompile Include="..\src\collada\fx\ak_collada_fx_technique.c">
      <Filter>src\collada\fx</Filter>
    </ClCompile>
    <ClCompile Include="..\src\collada\fx\ak_collada_fx_uniform.c">
      <Filter>src\collada\fx</Filter>
    </ClCompile>
    <ClCompile Include="..\src\collada\brep\ak_collada_brep.c">
      <Filter>src\collada\brep</Filter>
    </ClCompile>
    <ClCompile Include="..\src\collada\brep\ak_collada_brep_curve.c">
      <Filter>src\collada\brep</Filter>
    </ClCompile>
    <ClCompile Include="..\src\collada\brep\ak_collada_brep_nurbs.c">
      <Filter>src\collada\brep</Filter>
    </ClCompile>
    <ClCompile Include="..\src\collada\brep\ak_collada_brep_surface.c">
      <Filter>src\collada\brep</Filter>
    </ClCompile>
    <ClCompile Include="..\src\collada\brep\ak_collada_brep_topology.c">
      <Filter>src\collada\brep</Filter>
    </ClCompile>
    <ClCompile Include="..\src\collada\ak_collada.c">
      <Filter>src\collada</Filter>
    </ClCompile>
    <ClCompile Include="..\src\collada\ak_collada_common.c">
      <Filter>src\collada</Filter>
    </ClCompile>
    <ClCompile Include="..\src\collada\ak_collada_geom_fixup.c">
      <Filter>src\collada</Filter>
    </ClCompile>
    <ClCompile Include="..\src\collada\ak_collada_lib.c">
      <Filter>src\collada</Filter>
    </ClCompile>
    <ClCompile Include="..\src\collada\ak_collada_mesh_fixup.c">
      <Filter>src\collada</Filter>
    </ClCompile>
    <ClCompile Include="..\src\collada\ak_collada_node_fixup.c">
      <Filter>src\collada</Filter>
    </ClCompile>
    <ClCompile Include="..\src\collada\ak_collada_postscript.c">
      <Filter>src\collada</Filter>
    </ClCompile>
    <ClCompile Include="..\src\collada\ak_collada_strpool.c">
      <Filter>src\collada</Filter>
    </ClCompile>
    <ClCompile Include="..\src\ak_accessor.c">
      <Filter>src</Filter>
    </ClCompile>
    <ClCompile Include="..\src\ak_array.c">
      <Filter>src</Filter>
    </ClCompile>
    <ClCompile Include="..\src\ak_common.c">
      <Filter>src</Filter>
    </ClCompile>
    <ClCompile Include="..\src\ak_data.c">
      <Filter>src</Filter>
    </ClCompile>
    <ClCompile Include="..\src\ak_find.c">
      <Filter>src</Filter>
    </ClCompile>
    <ClCompile Include="..\src\ak_hex.c">
      <Filter>src</Filter>
    </ClCompile>
    <ClCompile Include="..\src\ak_id.c">
      <Filter>src</Filter>
    </ClCompile>
    <ClCompile Include="..\src\ak_lib.c">
      <Filter>src</Filter>
    </ClCompile>
    <ClCompile Include="..\src\ak_libxml.c">
      <Filter>src</Filter>
    </ClCompile>
    <ClCompile Include="..\src\ak_map.c">
      <Filter>src</Filter>
    </ClCompile>
    <ClCompile Include="..\src\ak_memory.c">
      <Filter>src</Filter>
    </ClCompile>
    <ClCompile Include="..\src\ak_memory_ext.c">
      <Filter>src</Filter>
    </ClCompile>
    <ClCompile Include="..\src\ak_memory_lt.c">
      <Filter>src</Filter>
    </ClCompile>
    <ClCompile Include="..\src\ak_memory_rb.c">
      <Filter>src</Filter>
    </ClCompile>
    <ClCompile Include="..\src\ak_sid.c">
      <Filter>src</Filter>
    </ClCompile>
    <ClCompile Include="..\src\ak_string.c">
      <Filter>src</Filter>
    </ClCompile>
    <ClCompile Include="..\src\ak_trash.c">
      <Filter>src</Filter>
    </ClCompile>
    <ClCompile Include="..\src\ak_tree.c">
      <Filter>src</Filter>
    </ClCompile>
    <ClCompile Include="..\src\ak_utils.c">
      <Filter>src</Filter>
    </ClCompile>
    <ClCompile Include="..\src\assetkit.c">
      <Filter>src</Filter>
    </ClCompile>
    <ClCompile Include="..\src\dllmain.c">
      <Filter>src</Filter>
    </ClCompile>
    <ClCompile Include="..\src\rb.c">
      <Filter>src</Filter>
    </ClCompile>
  </ItemGroup>
</Project>