<?xml version="1.0" encoding="utf-8"?>
<Project ToolsVersion="4.0" xmlns="http://schemas.microsoft.com/developer/msbuild/2003">
  <ItemGroup>
    <None Include="LICENSE" />
    <None Include="packages.config" />
    <None Include="build.bat" />
    <None Include="..\src\io\dae\strpool.json">
      <Filter>src\io\dae</Filter>
    </None>
    <None Include="..\src\io\dae\strpool.py">
      <Filter>src\io\dae</Filter>
    </None>
    <None Include="..\src\io\gltf\strpool.json">
      <Filter>src\io\gltf</Filter>
    </None>
    <None Include="..\src\io\gltf\strpool.py">
      <Filter>src\io\gltf</Filter>
    </None>
  </ItemGroup>
  <ItemGroup>
    <Filter Include="include">
      <UniqueIdentifier>{78257a39-198f-4d95-899f-3feb76f1dd7e}</UniqueIdentifier>
    </Filter>
    <Filter Include="src">
      <UniqueIdentifier>{e5d4db32-68f2-4280-ad08-76dbaa048227}</UniqueIdentifier>
    </Filter>
    <Filter Include="src\bbox">
      <UniqueIdentifier>{05fda68c-a9a3-4626-954e-8fe28ad57948}</UniqueIdentifier>
    </Filter>
    <Filter Include="src\mesh">
      <UniqueIdentifier>{0b546430-5692-4acc-a9e4-1b207259ca44}</UniqueIdentifier>
    </Filter>
    <Filter Include="src\image">
      <UniqueIdentifier>{1177d609-6502-4a02-baa4-0920e41fb307}</UniqueIdentifier>
    </Filter>
    <Filter Include="src\bitwise">
      <UniqueIdentifier>{e93aa82a-c4df-458b-b362-eda9303c783e}</UniqueIdentifier>
    </Filter>
    <Filter Include="src\resc">
      <UniqueIdentifier>{3010be00-6d7e-4a02-b4e3-d195e0a42bdb}</UniqueIdentifier>
    </Filter>
    <Filter Include="src\opt">
      <UniqueIdentifier>{41b177f2-b1b7-46cb-9b02-6d7caa885e57}</UniqueIdentifier>
    </Filter>
    <Filter Include="src\transform">
      <UniqueIdentifier>{6b3e00af-6299-4afd-8d6a-e61424ff2348}</UniqueIdentifier>
    </Filter>
    <Filter Include="src\camera">
      <UniqueIdentifier>{1b789b04-da10-41ab-8212-0db4aee4c36b}</UniqueIdentifier>
    </Filter>
    <Filter Include="src\geom">
      <UniqueIdentifier>{ca36e404-aa48-4787-86a9-d69e962c5d43}</UniqueIdentifier>
    </Filter>
    <Filter Include="src\lib">
      <UniqueIdentifier>{67209d78-2975-48e7-b37d-2789d6b382a1}</UniqueIdentifier>
    </Filter>
    <Filter Include="src\default">
      <UniqueIdentifier>{039358a9-b2b8-4e65-9977-79d31f26f798}</UniqueIdentifier>
    </Filter>
    <Filter Include="src\win32">
      <UniqueIdentifier>{40e7b53a-e724-492f-8b13-10585f5a9706}</UniqueIdentifier>
    </Filter>
    <Filter Include="src\array">
      <UniqueIdentifier>{e75c3a9a-56ed-4934-b5d7-fde390896868}</UniqueIdentifier>
    </Filter>
    <Filter Include="src\light">
      <UniqueIdentifier>{e9c5a211-a5c2-44f9-b202-74b018e2ea0a}</UniqueIdentifier>
    </Filter>
    <Filter Include="src\node">
      <UniqueIdentifier>{58bdb93e-a949-465b-9a9f-9916c1f42d2b}</UniqueIdentifier>
    </Filter>
    <Filter Include="include\ak">
      <UniqueIdentifier>{53f90cb3-a93d-42a2-b4f5-73b7a0a9d20f}</UniqueIdentifier>
    </Filter>
    <Filter Include="src\skin">
      <UniqueIdentifier>{58dff77f-1964-46b7-9307-9b7d0e4450e8}</UniqueIdentifier>
    </Filter>
    <Filter Include="src\mem">
      <UniqueIdentifier>{ac351c50-2ada-4b6c-bdf9-4034b0a5d658}</UniqueIdentifier>
    </Filter>
    <Filter Include="src\coord">
      <UniqueIdentifier>{6baf1360-5a46-41cd-ae5d-a0e0e1b0f7e6}</UniqueIdentifier>
    </Filter>
    <Filter Include="src\inst">
      <UniqueIdentifier>{724e58f5-bb09-42d5-b543-9f33391e4364}</UniqueIdentifier>
    </Filter>
    <Filter Include="src\morph">
      <UniqueIdentifier>{9be77bd2-9b8c-4a7c-9f63-57e7e2f28b7b}</UniqueIdentifier>
    </Filter>
    <Filter Include="src\io">
      <UniqueIdentifier>{5726eb8a-982c-4b22-a0c0-858ff27ec4fc}</UniqueIdentifier>
    </Filter>
    <Filter Include="src\io\dae">
      <UniqueIdentifier>{e55032b8-7fa4-4590-a039-a754e4e0a7b9}</UniqueIdentifier>
    </Filter>
    <Filter Include="src\io\dae\core">
      <UniqueIdentifier>{6ed9fb3b-8242-4ca2-96c0-3976cc338754}</UniqueIdentifier>
    </Filter>
    <Filter Include="src\io\dae\brep">
      <UniqueIdentifier>{bdc4ae46-3e0c-42db-a015-5ac3d3482167}</UniqueIdentifier>
    </Filter>
    <Filter Include="src\io\dae\fx">
      <UniqueIdentifier>{e67a4d16-94c4-4af0-b187-72baa064b196}</UniqueIdentifier>
    </Filter>
    <Filter Include="src\io\dae\kinematics">
      <UniqueIdentifier>{49f1d3de-9f2b-4b1f-ab13-1a4fd5f8ebcc}</UniqueIdentifier>
    </Filter>
    <Filter Include="src\io\dae\physics">
      <UniqueIdentifier>{c3ac5b71-f962-4610-8717-01e0458b54fc}</UniqueIdentifier>
    </Filter>
    <Filter Include="src\io\dae\1.4">
      <UniqueIdentifier>{299da012-b922-4b23-a103-44078e2e86e4}</UniqueIdentifier>
    </Filter>
    <Filter Include="src\io\dae\bugfix">
      <UniqueIdentifier>{d6c85e24-c7b0-4bd4-a811-2f0d35b86ab2}</UniqueIdentifier>
    </Filter>
    <Filter Include="src\io\dae\fixup">
      <UniqueIdentifier>{2402b686-ab12-4b3f-9878-00035951cd58}</UniqueIdentifier>
    </Filter>
    <Filter Include="src\io\gltf">
      <UniqueIdentifier>{ac775f6c-aaed-4794-ace3-ed1ce67b85f8}</UniqueIdentifier>
    </Filter>
    <Filter Include="src\io\gltf\ext">
      <UniqueIdentifier>{bd51a387-cd24-4df9-b9a0-c941754dbc45}</UniqueIdentifier>
    </Filter>
    <Filter Include="src\io\gltf\core">
      <UniqueIdentifier>{76bfcdb1-c8e1-4552-a641-67fd0d0ef374}</UniqueIdentifier>
    </Filter>
    <Filter Include="src\io\obj">
      <UniqueIdentifier>{1e2ff758-3ecb-4d70-82e4-38921e492ad0}</UniqueIdentifier>
    </Filter>
    <Filter Include="src\io\stl">
      <UniqueIdentifier>{787d0996-5cff-4c0a-b7d6-92aa63600b81}</UniqueIdentifier>
    </Filter>
    <Filter Include="src\io\common">
      <UniqueIdentifier>{06f7130e-47ee-40ab-aebc-c1395473e7b7}</UniqueIdentifier>
    </Filter>
    <Filter Include="src\io\ply">
      <UniqueIdentifier>{c5744c1f-1d73-43d2-9331-c5d26933a18e}</UniqueIdentifier>
    </Filter>
  </ItemGroup>
  <ItemGroup>
    <ClInclude Include="..\include\ak\animation.h">
      <Filter>include\ak</Filter>
    </ClInclude>
    <ClInclude Include="..\include\ak\assetkit.h">
      <Filter>include\ak</Filter>
    </ClInclude>
    <ClInclude Include="..\include\ak\bbox.h">
      <Filter>include\ak</Filter>
    </ClInclude>
    <ClInclude Include="..\include\ak\cam.h">
      <Filter>include\ak</Filter>
    </ClInclude>
    <ClInclude Include="..\include\ak\common.h">
      <Filter>include\ak</Filter>
    </ClInclude>
    <ClInclude Include="..\include\ak\context.h">
      <Filter>include\ak</Filter>
    </ClInclude>
    <ClInclude Include="..\include\ak\controller.h">
      <Filter>include\ak</Filter>
    </ClInclude>
    <ClInclude Include="..\include\ak\coord.h">
      <Filter>include\ak</Filter>
    </ClInclude>
    <ClInclude Include="..\include\ak\coord-util.h">
      <Filter>include\ak</Filter>
    </ClInclude>
    <ClInclude Include="..\include\ak\core-types.h">
      <Filter>include\ak</Filter>
    </ClInclude>
    <ClInclude Include="..\include\ak\geom.h">
      <Filter>include\ak</Filter>
    </ClInclude>
    <ClInclude Include="..\include\ak\image.h">
      <Filter>include\ak</Filter>
    </ClInclude>
    <ClInclude Include="..\include\ak\instance.h">
      <Filter>include\ak</Filter>
    </ClInclude>
    <ClInclude Include="..\include\ak\lib.h">
      <Filter>include\ak</Filter>
    </ClInclude>
    <ClInclude Include="..\include\ak\light.h">
      <Filter>include\ak</Filter>
    </ClInclude>
    <ClInclude Include="..\include\ak\map.h">
      <Filter>include\ak</Filter>
    </ClInclude>
    <ClInclude Include="..\include\ak\material.h">
      <Filter>include\ak</Filter>
    </ClInclude>
    <ClInclude Include="..\include\ak\memory.h">
      <Filter>include\ak</Filter>
    </ClInclude>
    <ClInclude Include="..\include\ak\node.h">
      <Filter>include\ak</Filter>
    </ClInclude>
    <ClInclude Include="..\include\ak\options.h">
      <Filter>include\ak</Filter>
    </ClInclude>
    <ClInclude Include="..\include\ak\path.h">
      <Filter>include\ak</Filter>
    </ClInclude>
    <ClInclude Include="..\include\ak\profile.h">
      <Filter>include\ak</Filter>
    </ClInclude>
    <ClInclude Include="..\include\ak\sid.h">
      <Filter>include\ak</Filter>
    </ClInclude>
    <ClInclude Include="..\include\ak\source.h">
      <Filter>include\ak</Filter>
    </ClInclude>
    <ClInclude Include="..\include\ak\states.h">
      <Filter>include\ak</Filter>
    </ClInclude>
    <ClInclude Include="..\include\ak\string.h">
      <Filter>include\ak</Filter>
    </ClInclude>
    <ClInclude Include="..\include\ak\texture.h">
      <Filter>include\ak</Filter>
    </ClInclude>
    <ClInclude Include="..\include\ak\transform.h">
      <Filter>include\ak</Filter>
    </ClInclude>
    <ClInclude Include="..\include\ak\trash.h">
      <Filter>include\ak</Filter>
    </ClInclude>
    <ClInclude Include="..\include\ak\type.h">
      <Filter>include\ak</Filter>
    </ClInclude>
    <ClInclude Include="..\include\ak\url.h">
      <Filter>include\ak</Filter>
    </ClInclude>
    <ClInclude Include="..\include\ak\util.h">
      <Filter>include\ak</Filter>
    </ClInclude>
    <ClInclude Include="..\src\bitwise\bitwise.h">
      <Filter>src\bitwise</Filter>
    </ClInclude>
    <ClInclude Include="..\src\resc\resource.h">
      <Filter>src\resc</Filter>
    </ClInclude>
    <ClInclude Include="..\src\mem\common.h">
      <Filter>src\mem</Filter>
    </ClInclude>
    <ClInclude Include="..\src\mem\lt.h">
      <Filter>src\mem</Filter>
    </ClInclude>
    <ClInclude Include="..\src\mem\rb.h">
      <Filter>src\mem</Filter>
    </ClInclude>
    <ClInclude Include="..\src\accessor.h">
      <Filter>src</Filter>
    </ClInclude>
    <ClInclude Include="..\src\array.h">
      <Filter>src</Filter>
    </ClInclude>
    <ClInclude Include="..\src\base64.h">
      <Filter>src</Filter>
    </ClInclude>
    <ClInclude Include="..\src\common.h">
      <Filter>src</Filter>
    </ClInclude>
    <ClInclude Include="..\src\config.h">
      <Filter>src</Filter>
    </ClInclude>
    <ClInclude Include="..\src\data.h">
      <Filter>src</Filter>
    </ClInclude>
    <ClInclude Include="..\src\id.h">
      <Filter>src</Filter>
    </ClInclude>
    <ClInclude Include="..\src\json.h">
      <Filter>src</Filter>
    </ClInclude>
    <ClInclude Include="..\src\profile.h">
      <Filter>src</Filter>
    </ClInclude>
    <ClInclude Include="..\src\sid.h">
      <Filter>src</Filter>
    </ClInclude>
    <ClInclude Include="..\src\trash.h">
      <Filter>src</Filter>
    </ClInclude>
    <ClInclude Include="..\src\tree.h">
      <Filter>src</Filter>
    </ClInclude>
    <ClInclude Include="..\src\type.h">
      <Filter>src</Filter>
    </ClInclude>
    <ClInclude Include="..\src\utils.h">
      <Filter>src</Filter>
    </ClInclude>
    <ClInclude Include="..\src\xml.h">
      <Filter>src</Filter>
    </ClInclude>
    <ClInclude Include="..\src\bbox\bbox.h">
      <Filter>src\bbox</Filter>
    </ClInclude>
    <ClInclude Include="..\src\mesh\edit_common.h">
      <Filter>src\mesh</Filter>
    </ClInclude>
    <ClInclude Include="..\src\mesh\index.h">
      <Filter>src\mesh</Filter>
    </ClInclude>
    <ClInclude Include="..\src\default\cam.h">
      <Filter>src\default</Filter>
    </ClInclude>
    <ClInclude Include="..\src\default\light.h">
      <Filter>src\default</Filter>
    </ClInclude>
    <ClInclude Include="..\src\default\material.h">
      <Filter>src\default</Filter>
    </ClInclude>
    <ClInclude Include="..\src\default\opt.h">
      <Filter>src\default</Filter>
    </ClInclude>
    <ClInclude Include="..\src\default\semantic.h">
      <Filter>src\default</Filter>
    </ClInclude>
    <ClInclude Include="..\src\default\type.h">
      <Filter>src\default</Filter>
    </ClInclude>
    <ClInclude Include="..\src\coord\common.h">
      <Filter>src\coord</Filter>
    </ClInclude>
    <ClInclude Include="..\src\skin\fix.h">
      <Filter>src\skin</Filter>
    </ClInclude>
    <ClInclude Include="..\include\ak\library.h">
      <Filter>include\ak</Filter>
    </ClInclude>
    <ClInclude Include="..\src\io\dae\1.4\dae14.h">
      <Filter>src\io\dae\1.4</Filter>
    </ClInclude>
    <ClInclude Include="..\src\io\dae\1.4\image.h">
      <Filter>src\io\dae\1.4</Filter>
    </ClInclude>
    <ClInclude Include="..\src\io\dae\1.4\surface.h">
      <Filter>src\io\dae\1.4</Filter>
    </ClInclude>
    <ClInclude Include="..\src\io\dae\brep\brep.h">
      <Filter>src\io\dae\brep</Filter>
    </ClInclude>
    <ClInclude Include="..\src\io\dae\brep\curve.h">
      <Filter>src\io\dae\brep</Filter>
    </ClInclude>
    <ClInclude Include="..\src\io\dae\brep\nurb.h">
      <Filter>src\io\dae\brep</Filter>
    </ClInclude>
    <ClInclude Include="..\src\io\dae\brep\surface.h">
      <Filter>src\io\dae\brep</Filter>
    </ClInclude>
    <ClInclude Include="..\src\io\dae\brep\topology.h">
      <Filter>src\io\dae\brep</Filter>
    </ClInclude>
    <ClInclude Include="..\src\io\dae\bugfix\transp.h">
      <Filter>src\io\dae\bugfix</Filter>
    </ClInclude>
    <ClInclude Include="..\src\io\dae\core\anim.h">
      <Filter>src\io\dae\core</Filter>
    </ClInclude>
    <ClInclude Include="..\src\io\dae\core\asset.h">
      <Filter>src\io\dae\core</Filter>
    </ClInclude>
    <ClInclude Include="..\src\io\dae\core\cam.h">
      <Filter>src\io\dae\core</Filter>
    </ClInclude>
    <ClInclude Include="..\src\io\dae\core\color.h">
      <Filter>src\io\dae\core</Filter>
    </ClInclude>
    <ClInclude Include="..\src\io\dae\core\ctlr.h">
      <Filter>src\io\dae\core</Filter>
    </ClInclude>
    <ClInclude Include="..\src\io\dae\core\enum.h">
      <Filter>src\io\dae\core</Filter>
    </ClInclude>
    <ClInclude Include="..\src\io\dae\core\geom.h">
      <Filter>src\io\dae\core</Filter>
    </ClInclude>
    <ClInclude Include="..\src\io\dae\core\light.h">
      <Filter>src\io\dae\core</Filter>
    </ClInclude>
    <ClInclude Include="..\src\io\dae\core\line.h">
      <Filter>src\io\dae\core</Filter>
    </ClInclude>
    <ClInclude Include="..\src\io\dae\core\mesh.h">
      <Filter>src\io\dae\core</Filter>
    </ClInclude>
    <ClInclude Include="..\src\io\dae\core\morph.h">
      <Filter>src\io\dae\core</Filter>
    </ClInclude>
    <ClInclude Include="..\src\io\dae\core\node.h">
      <Filter>src\io\dae\core</Filter>
    </ClInclude>
    <ClInclude Include="..\src\io\dae\core\param.h">
      <Filter>src\io\dae\core</Filter>
    </ClInclude>
    <ClInclude Include="..\src\io\dae\core\poly.h">
      <Filter>src\io\dae\core</Filter>
    </ClInclude>
    <ClInclude Include="..\src\io\dae\core\scene.h">
      <Filter>src\io\dae\core</Filter>
    </ClInclude>
    <ClInclude Include="..\src\io\dae\core\skin.h">
      <Filter>src\io\dae\core</Filter>
    </ClInclude>
    <ClInclude Include="..\src\io\dae\core\source.h">
      <Filter>src\io\dae\core</Filter>
    </ClInclude>
    <ClInclude Include="..\src\io\dae\core\spline.h">
      <Filter>src\io\dae\core</Filter>
    </ClInclude>
    <ClInclude Include="..\src\io\dae\core\techn.h">
      <Filter>src\io\dae\core</Filter>
    </ClInclude>
    <ClInclude Include="..\src\io\dae\core\triangle.h">
      <Filter>src\io\dae\core</Filter>
    </ClInclude>
    <ClInclude Include="..\src\io\dae\core\value.h">
      <Filter>src\io\dae\core</Filter>
    </ClInclude>
    <ClInclude Include="..\src\io\dae\core\vert.h">
      <Filter>src\io\dae\core</Filter>
    </ClInclude>
    <ClInclude Include="..\src\io\dae\fixup\angle.h">
      <Filter>src\io\dae\fixup</Filter>
    </ClInclude>
    <ClInclude Include="..\src\io\dae\fixup\geom.h">
      <Filter>src\io\dae\fixup</Filter>
    </ClInclude>
    <ClInclude Include="..\src\io\dae\fixup\mesh.h">
      <Filter>src\io\dae\fixup</Filter>
    </ClInclude>
    <ClInclude Include="..\src\io\dae\fixup\node.h">
      <Filter>src\io\dae\fixup</Filter>
    </ClInclude>
    <ClInclude Include="..\src\io\dae\fixup\tex.h">
      <Filter>src\io\dae\fixup</Filter>
    </ClInclude>
    <ClInclude Include="..\src\io\dae\fx\colortex.h">
      <Filter>src\io\dae\fx</Filter>
    </ClInclude>
    <ClInclude Include="..\src\io\dae\fx\effect.h">
      <Filter>src\io\dae\fx</Filter>
    </ClInclude>
    <ClInclude Include="..\src\io\dae\fx\fltprm.h">
      <Filter>src\io\dae\fx</Filter>
    </ClInclude>
    <ClInclude Include="..\src\io\dae\fx\img.h">
      <Filter>src\io\dae\fx</Filter>
    </ClInclude>
    <ClInclude Include="..\src\io\dae\fx\mat.h">
      <Filter>src\io\dae\fx</Filter>
    </ClInclude>
    <ClInclude Include="..\src\io\dae\fx\profile.h">
      <Filter>src\io\dae\fx</Filter>
    </ClInclude>
    <ClInclude Include="..\src\io\dae\fx\samp.h">
      <Filter>src\io\dae\fx</Filter>
    </ClInclude>
    <ClInclude Include="..\src\io\dae\fx\techn.h">
      <Filter>src\io\dae\fx</Filter>
    </ClInclude>
    <ClInclude Include="..\src\io\dae\common.h">
      <Filter>src\io\dae</Filter>
    </ClInclude>
    <ClInclude Include="..\src\io\dae\dae.h">
      <Filter>src\io\dae</Filter>
    </ClInclude>
    <ClInclude Include="..\src\io\dae\postscript.h">
      <Filter>src\io\dae</Filter>
    </ClInclude>
    <ClInclude Include="..\src\io\dae\strpool.h">
      <Filter>src\io\dae</Filter>
    </ClInclude>
    <ClInclude Include="..\src\io\gltf\core\accessor.h">
      <Filter>src\io\gltf\core</Filter>
    </ClInclude>
    <ClInclude Include="..\src\io\gltf\core\anim.h">
      <Filter>src\io\gltf\core</Filter>
    </ClInclude>
    <ClInclude Include="..\src\io\gltf\core\asset.h">
      <Filter>src\io\gltf\core</Filter>
    </ClInclude>
    <ClInclude Include="..\src\io\gltf\core\buffer.h">
      <Filter>src\io\gltf\core</Filter>
    </ClInclude>
    <ClInclude Include="..\src\io\gltf\core\camera.h">
      <Filter>src\io\gltf\core</Filter>
    </ClInclude>
    <ClInclude Include="..\src\io\gltf\core\enum.h">
      <Filter>src\io\gltf\core</Filter>
    </ClInclude>
    <ClInclude Include="..\src\io\gltf\core\image.h">
      <Filter>src\io\gltf\core</Filter>
    </ClInclude>
    <ClInclude Include="..\src\io\gltf\core\material.h">
      <Filter>src\io\gltf\core</Filter>
    </ClInclude>
    <ClInclude Include="..\src\io\gltf\core\mesh.h">
      <Filter>src\io\gltf\core</Filter>
    </ClInclude>
    <ClInclude Include="..\src\io\gltf\core\node.h">
      <Filter>src\io\gltf\core</Filter>
    </ClInclude>
    <ClInclude Include="..\src\io\gltf\core\profile.h">
      <Filter>src\io\gltf\core</Filter>
    </ClInclude>
    <ClInclude Include="..\src\io\gltf\core\sampler.h">
      <Filter>src\io\gltf\core</Filter>
    </ClInclude>
    <ClInclude Include="..\src\io\gltf\core\scene.h">
      <Filter>src\io\gltf\core</Filter>
    </ClInclude>
    <ClInclude Include="..\src\io\gltf\core\skin.h">
      <Filter>src\io\gltf\core</Filter>
    </ClInclude>
    <ClInclude Include="..\src\io\gltf\core\texture.h">
      <Filter>src\io\gltf\core</Filter>
    </ClInclude>
    <ClInclude Include="..\src\io\gltf\common.h">
      <Filter>src\io\gltf</Filter>
    </ClInclude>
    <ClInclude Include="..\src\io\gltf\gltf.h">
      <Filter>src\io\gltf</Filter>
    </ClInclude>
    <ClInclude Include="..\src\io\gltf\mesh_fixup.h">
      <Filter>src\io\gltf</Filter>
    </ClInclude>
    <ClInclude Include="..\src\io\gltf\postscript.h">
      <Filter>src\io\gltf</Filter>
    </ClInclude>
    <ClInclude Include="..\src\io\gltf\strpool.h">
      <Filter>src\io\gltf</Filter>
    </ClInclude>
    <ClInclude Include="..\src\io\obj\common.h">
      <Filter>src\io\obj</Filter>
    </ClInclude>
    <ClInclude Include="..\src\io\obj\group.h">
      <Filter>src\io\obj</Filter>
    </ClInclude>
    <ClInclude Include="..\src\io\obj\mtl.h">
      <Filter>src\io\obj</Filter>
    </ClInclude>
    <ClInclude Include="..\src\io\obj\obj.h">
      <Filter>src\io\obj</Filter>
    </ClInclude>
    <ClInclude Include="..\src\io\obj\postscript.h">
      <Filter>src\io\obj</Filter>
    </ClInclude>
    <ClInclude Include="..\src\io\obj\util.h">
      <Filter>src\io\obj</Filter>
    </ClInclude>
    <ClInclude Include="..\src\io\common\util.h">
      <Filter>src\io\common</Filter>
    </ClInclude>
    <ClInclude Include="..\src\io\stl\common.h">
      <Filter>src\io\stl</Filter>
    </ClInclude>
    <ClInclude Include="..\src\io\stl\postscript.h">
      <Filter>src\io\stl</Filter>
    </ClInclude>
    <ClInclude Include="..\src\io\stl\stl.h">
      <Filter>src\io\stl</Filter>
    </ClInclude>
    <ClInclude Include="..\src\io\ply\common.h">
      <Filter>src\io\ply</Filter>
    </ClInclude>
    <ClInclude Include="..\src\io\ply\ply.h">
      <Filter>src\io\ply</Filter>
    </ClInclude>
    <ClInclude Include="..\src\io\ply\strpool.h">
      <Filter>src\io\ply</Filter>
    </ClInclude>
  </ItemGroup>
  <ItemGroup>
    <ClCompile Include="..\src\win32\strptime.c">
      <Filter>src\win32</Filter>
    </ClCompile>
    <ClCompile Include="..\src\skin\skin.c">
      <Filter>src\skin</Filter>
    </ClCompile>
    <ClCompile Include="..\src\node\node.c">
      <Filter>src\node</Filter>
    </ClCompile>
    <ClCompile Include="..\src\array\source_array.c">
      <Filter>src\array</Filter>
    </ClCompile>
    <ClCompile Include="..\src\image\image.c">
      <Filter>src\image</Filter>
    </ClCompile>
    <ClCompile Include="..\src\camera\cam.c">
      <Filter>src\camera</Filter>
    </ClCompile>
    <ClCompile Include="..\src\light\light.c">
      <Filter>src\light</Filter>
    </ClCompile>
    <ClCompile Include="..\src\resc\path.c">
      <Filter>src\resc</Filter>
    </ClCompile>
    <ClCompile Include="..\src\resc\resource.c">
      <Filter>src\resc</Filter>
    </ClCompile>
    <ClCompile Include="..\src\resc\url.c">
      <Filter>src\resc</Filter>
    </ClCompile>
    <ClCompile Include="..\src\transform\trans.c">
      <Filter>src\transform</Filter>
    </ClCompile>
    <ClCompile Include="..\src\instance\inst.c">
      <Filter>src\inst</Filter>
    </ClCompile>
    <ClCompile Include="..\src\lib\lib.c">
      <Filter>src\lib</Filter>
    </ClCompile>
    <ClCompile Include="..\src\mem\ext.c">
      <Filter>src\mem</Filter>
    </ClCompile>
    <ClCompile Include="..\src\mem\intr.c">
      <Filter>src\mem</Filter>
    </ClCompile>
    <ClCompile Include="..\src\mem\lt.c">
      <Filter>src\mem</Filter>
    </ClCompile>
    <ClCompile Include="..\src\mem\mem.c">
      <Filter>src\mem</Filter>
    </ClCompile>
    <ClCompile Include="..\src\mem\rb.c">
      <Filter>src\mem</Filter>
    </ClCompile>
    <ClCompile Include="..\src\accessor.c">
      <Filter>src</Filter>
    </ClCompile>
    <ClCompile Include="..\src\array.c">
      <Filter>src</Filter>
    </ClCompile>
    <ClCompile Include="..\src\asset.c">
      <Filter>src</Filter>
    </ClCompile>
    <ClCompile Include="..\src\assetkit.c">
      <Filter>src</Filter>
    </ClCompile>
    <ClCompile Include="..\src\base64.c">
      <Filter>src</Filter>
    </ClCompile>
    <ClCompile Include="..\src\common.c">
      <Filter>src</Filter>
    </ClCompile>
    <ClCompile Include="..\src\data.c">
      <Filter>src</Filter>
    </ClCompile>
    <ClCompile Include="..\src\find.c">
      <Filter>src</Filter>
    </ClCompile>
    <ClCompile Include="..\src\id.c">
      <Filter>src</Filter>
    </ClCompile>
    <ClCompile Include="..\src\main.c">
      <Filter>src</Filter>
    </ClCompile>
    <ClCompile Include="..\src\map.c">
      <Filter>src</Filter>
    </ClCompile>
    <ClCompile Include="..\src\profile.c">
      <Filter>src</Filter>
    </ClCompile>
    <ClCompile Include="..\src\sid.c">
      <Filter>src</Filter>
    </ClCompile>
    <ClCompile Include="..\src\sid_constr.c">
      <Filter>src</Filter>
    </ClCompile>
    <ClCompile Include="..\src\string.c">
      <Filter>src</Filter>
    </ClCompile>
    <ClCompile Include="..\src\trash.c">
      <Filter>src</Filter>
    </ClCompile>
    <ClCompile Include="..\src\tree.c">
      <Filter>src</Filter>
    </ClCompile>
    <ClCompile Include="..\src\type.c">
      <Filter>src</Filter>
    </ClCompile>
    <ClCompile Include="..\src\utils.c">
      <Filter>src</Filter>
    </ClCompile>
    <ClCompile Include="..\src\xml.c">
      <Filter>src</Filter>
    </ClCompile>
    <ClCompile Include="..\src\bbox\bbox.c">
      <Filter>src\bbox</Filter>
    </ClCompile>
    <ClCompile Include="..\src\bbox\geom.c">
      <Filter>src\bbox</Filter>
    </ClCompile>
    <ClCompile Include="..\src\bbox\mesh.c">
      <Filter>src\bbox</Filter>
    </ClCompile>
    <ClCompile Include="..\src\bbox\mesh_prim.c">
      <Filter>src\bbox</Filter>
    </ClCompile>
    <ClCompile Include="..\src\bbox\scene.c">
      <Filter>src\bbox</Filter>
    </ClCompile>
    <ClCompile Include="..\src\mesh\duplicator.c">
      <Filter>src\mesh</Filter>
    </ClCompile>
    <ClCompile Include="..\src\mesh\edit.c">
      <Filter>src\mesh</Filter>
    </ClCompile>
    <ClCompile Include="..\src\mesh\edit_buff.c">
      <Filter>src\mesh</Filter>
    </ClCompile>
    <ClCompile Include="..\src\mesh\edit_buff_fixup.c">
      <Filter>src\mesh</Filter>
    </ClCompile>
    <ClCompile Include="..\src\mesh\edit_index.c">
      <Filter>src\mesh</Filter>
    </ClCompile>
    <ClCompile Include="..\src\mesh\index.c">
      <Filter>src\mesh</Filter>
    </ClCompile>
    <ClCompile Include="..\src\mesh\input.c">
      <Filter>src\mesh</Filter>
    </ClCompile>
    <ClCompile Include="..\src\mesh\material.c">
      <Filter>src\mesh</Filter>
    </ClCompile>
    <ClCompile Include="..\src\mesh\normal.c">
      <Filter>src\mesh</Filter>
    </ClCompile>
    <ClCompile Include="..\src\mesh\triangulate.c">
      <Filter>src\mesh</Filter>
    </ClCompile>
    <ClCompile Include="..\src\transform\dup.c">
      <Filter>src\transform</Filter>
    </ClCompile>
    <ClCompile Include="..\src\transform\traverse.c">
      <Filter>src\transform</Filter>
    </ClCompile>
    <ClCompile Include="..\src\geom\mesh.c">
      <Filter>src\geom</Filter>
    </ClCompile>
    <ClCompile Include="..\src\default\cam.c">
      <Filter>src\default</Filter>
    </ClCompile>
    <ClCompile Include="..\src\default\cmp.c">
      <Filter>src\default</Filter>
    </ClCompile>
    <ClCompile Include="..\src\default\coord.c">
      <Filter>src\default</Filter>
    </ClCompile>
    <ClCompile Include="..\src\default\id.c">
      <Filter>src\default</Filter>
    </ClCompile>
    <ClCompile Include="..\src\default\light.c">
      <Filter>src\default</Filter>
    </ClCompile>
    <ClCompile Include="..\src\default\material.c">
      <Filter>src\default</Filter>
    </ClCompile>
    <ClCompile Include="..\src\default\opt.c">
      <Filter>src\default</Filter>
    </ClCompile>
    <ClCompile Include="..\src\default\semantic.c">
      <Filter>src\default</Filter>
    </ClCompile>
    <ClCompile Include="..\src\default\type.c">
      <Filter>src\default</Filter>
    </ClCompile>
    <ClCompile Include="..\src\coord\camera.c">
      <Filter>src\coord</Filter>
    </ClCompile>
    <ClCompile Include="..\src\coord\common.c">
      <Filter>src\coord</Filter>
    </ClCompile>
    <ClCompile Include="..\src\coord\doc.c">
      <Filter>src\coord</Filter>
    </ClCompile>
    <ClCompile Include="..\src\coord\geom.c">
      <Filter>src\coord</Filter>
    </ClCompile>
    <ClCompile Include="..\src\coord\mesh.c">
      <Filter>src\coord</Filter>
    </ClCompile>
    <ClCompile Include="..\src\coord\node.c">
      <Filter>src\coord</Filter>
    </ClCompile>
    <ClCompile Include="..\src\coord\scene.c">
      <Filter>src\coord</Filter>
    </ClCompile>
    <ClCompile Include="..\src\coord\transform.c">
      <Filter>src\coord</Filter>
    </ClCompile>
    <ClCompile Include="..\src\coord\transforms.c">
      <Filter>src\coord</Filter>
    </ClCompile>
    <ClCompile Include="..\src\coord\vector.c">
      <Filter>src\coord</Filter>
    </ClCompile>
    <ClCompile Include="..\src\skin\fix.c">
      <Filter>src\skin</Filter>
    </ClCompile>
    <ClCompile Include="..\src\instance\list.c">
      <Filter>src\inst</Filter>
    </ClCompile>
    <ClCompile Include="..\src\lib\geom.c">
      <Filter>src\lib</Filter>
    </ClCompile>
    <ClCompile Include="..\src\morph\intr.c">
      <Filter>src\morph</Filter>
    </ClCompile>
    <ClCompile Include="..\src\io\dae\1.4\dae14.c">
      <Filter>src\io\dae\1.4</Filter>
    </ClCompile>
    <ClCompile Include="..\src\io\dae\1.4\image.c">
      <Filter>src\io\dae\1.4</Filter>
    </ClCompile>
    <ClCompile Include="..\src\io\dae\1.4\surface.c">
      <Filter>src\io\dae\1.4</Filter>
    </ClCompile>
    <ClCompile Include="..\src\io\dae\brep\brep.c">
      <Filter>src\io\dae\brep</Filter>
    </ClCompile>
    <ClCompile Include="..\src\io\dae\brep\curve.c">
      <Filter>src\io\dae\brep</Filter>
    </ClCompile>
    <ClCompile Include="..\src\io\dae\brep\nurb.c">
      <Filter>src\io\dae\brep</Filter>
    </ClCompile>
    <ClCompile Include="..\src\io\dae\brep\surface.c">
      <Filter>src\io\dae\brep</Filter>
    </ClCompile>
    <ClCompile Include="..\src\io\dae\brep\topology.c">
      <Filter>src\io\dae\brep</Filter>
    </ClCompile>
    <ClCompile Include="..\src\io\dae\bugfix\transp.c">
      <Filter>src\io\dae\bugfix</Filter>
    </ClCompile>
    <ClCompile Include="..\src\io\dae\core\anim.c">
      <Filter>src\io\dae\core</Filter>
    </ClCompile>
    <ClCompile Include="..\src\io\dae\core\asset.c">
      <Filter>src\io\dae\core</Filter>
    </ClCompile>
    <ClCompile Include="..\src\io\dae\core\cam.c">
      <Filter>src\io\dae\core</Filter>
    </ClCompile>
    <ClCompile Include="..\src\io\dae\core\color.c">
      <Filter>src\io\dae\core</Filter>
    </ClCompile>
    <ClCompile Include="..\src\io\dae\core\ctlr.c">
      <Filter>src\io\dae\core</Filter>
    </ClCompile>
    <ClCompile Include="..\src\io\dae\core\enum.c">
      <Filter>src\io\dae\core</Filter>
    </ClCompile>
    <ClCompile Include="..\src\io\dae\core\geom.c">
      <Filter>src\io\dae\core</Filter>
    </ClCompile>
    <ClCompile Include="..\src\io\dae\core\light.c">
      <Filter>src\io\dae\core</Filter>
    </ClCompile>
    <ClCompile Include="..\src\io\dae\core\line.c">
      <Filter>src\io\dae\core</Filter>
    </ClCompile>
    <ClCompile Include="..\src\io\dae\core\mesh.c">
      <Filter>src\io\dae\core</Filter>
    </ClCompile>
    <ClCompile Include="..\src\io\dae\core\morph.c">
      <Filter>src\io\dae\core</Filter>
    </ClCompile>
    <ClCompile Include="..\src\io\dae\core\node.c">
      <Filter>src\io\dae\core</Filter>
    </ClCompile>
    <ClCompile Include="..\src\io\dae\core\param.c">
      <Filter>src\io\dae\core</Filter>
    </ClCompile>
    <ClCompile Include="..\src\io\dae\core\poly.c">
      <Filter>src\io\dae\core</Filter>
    </ClCompile>
    <ClCompile Include="..\src\io\dae\core\scene.c">
      <Filter>src\io\dae\core</Filter>
    </ClCompile>
    <ClCompile Include="..\src\io\dae\core\skin.c">
      <Filter>src\io\dae\core</Filter>
    </ClCompile>
    <ClCompile Include="..\src\io\dae\core\source.c">
      <Filter>src\io\dae\core</Filter>
    </ClCompile>
    <ClCompile Include="..\src\io\dae\core\spline.c">
      <Filter>src\io\dae\core</Filter>
    </ClCompile>
    <ClCompile Include="..\src\io\dae\core\techn.c">
      <Filter>src\io\dae\core</Filter>
    </ClCompile>
    <ClCompile Include="..\src\io\dae\core\triangle.c">
      <Filter>src\io\dae\core</Filter>
    </ClCompile>
    <ClCompile Include="..\src\io\dae\core\value.c">
      <Filter>src\io\dae\core</Filter>
    </ClCompile>
    <ClCompile Include="..\src\io\dae\core\vert.c">
      <Filter>src\io\dae\core</Filter>
    </ClCompile>
    <ClCompile Include="..\src\io\dae\fixup\angle.c">
      <Filter>src\io\dae\fixup</Filter>
    </ClCompile>
    <ClCompile Include="..\src\io\dae\fixup\geom.c">
      <Filter>src\io\dae\fixup</Filter>
    </ClCompile>
    <ClCompile Include="..\src\io\dae\fixup\mesh.c">
      <Filter>src\io\dae\fixup</Filter>
    </ClCompile>
    <ClCompile Include="..\src\io\dae\fixup\node.c">
      <Filter>src\io\dae\fixup</Filter>
    </ClCompile>
    <ClCompile Include="..\src\io\dae\fixup\tex.c">
      <Filter>src\io\dae\fixup</Filter>
    </ClCompile>
    <ClCompile Include="..\src\io\dae\fx\colortex.c">
      <Filter>src\io\dae\fx</Filter>
    </ClCompile>
    <ClCompile Include="..\src\io\dae\fx\effect.c">
      <Filter>src\io\dae\fx</Filter>
    </ClCompile>
    <ClCompile Include="..\src\io\dae\fx\fltprm.c">
      <Filter>src\io\dae\fx</Filter>
    </ClCompile>
    <ClCompile Include="..\src\io\dae\fx\img.c">
      <Filter>src\io\dae\fx</Filter>
    </ClCompile>
    <ClCompile Include="..\src\io\dae\fx\mat.c">
      <Filter>src\io\dae\fx</Filter>
    </ClCompile>
    <ClCompile Include="..\src\io\dae\fx\profile.c">
      <Filter>src\io\dae\fx</Filter>
    </ClCompile>
    <ClCompile Include="..\src\io\dae\fx\samp.c">
      <Filter>src\io\dae\fx</Filter>
    </ClCompile>
    <ClCompile Include="..\src\io\dae\fx\techn.c">
      <Filter>src\io\dae\fx</Filter>
    </ClCompile>
    <ClCompile Include="..\src\io\dae\ctlr.c">
      <Filter>src\io\dae</Filter>
    </ClCompile>
    <ClCompile Include="..\src\io\dae\dae.c">
      <Filter>src\io\dae</Filter>
    </ClCompile>
    <ClCompile Include="..\src\io\dae\postscript.c">
      <Filter>src\io\dae</Filter>
    </ClCompile>
    <ClCompile Include="..\src\io\dae\strpool.c">
      <Filter>src\io\dae</Filter>
    </ClCompile>
    <ClCompile Include="..\src\io\gltf\core\accessor.c">
      <Filter>src\io\gltf\core</Filter>
    </ClCompile>
    <ClCompile Include="..\src\io\gltf\core\anim.c">
      <Filter>src\io\gltf\core</Filter>
    </ClCompile>
    <ClCompile Include="..\src\io\gltf\core\asset.c">
      <Filter>src\io\gltf\core</Filter>
    </ClCompile>
    <ClCompile Include="..\src\io\gltf\core\buffer.c">
      <Filter>src\io\gltf\core</Filter>
    </ClCompile>
    <ClCompile Include="..\src\io\gltf\core\camera.c">
      <Filter>src\io\gltf\core</Filter>
    </ClCompile>
    <ClCompile Include="..\src\io\gltf\core\enum.c">
      <Filter>src\io\gltf\core</Filter>
    </ClCompile>
    <ClCompile Include="..\src\io\gltf\core\image.c">
      <Filter>src\io\gltf\core</Filter>
    </ClCompile>
    <ClCompile Include="..\src\io\gltf\core\material.c">
      <Filter>src\io\gltf\core</Filter>
    </ClCompile>
    <ClCompile Include="..\src\io\gltf\core\mesh.c">
      <Filter>src\io\gltf\core</Filter>
    </ClCompile>
    <ClCompile Include="..\src\io\gltf\core\node.c">
      <Filter>src\io\gltf\core</Filter>
    </ClCompile>
    <ClCompile Include="..\src\io\gltf\core\profile.c">
      <Filter>src\io\gltf\core</Filter>
    </ClCompile>
    <ClCompile Include="..\src\io\gltf\core\sampler.c">
      <Filter>src\io\gltf\core</Filter>
    </ClCompile>
    <ClCompile Include="..\src\io\gltf\core\scene.c">
      <Filter>src\io\gltf\core</Filter>
    </ClCompile>
    <ClCompile Include="..\src\io\gltf\core\skin.c">
      <Filter>src\io\gltf\core</Filter>
    </ClCompile>
    <ClCompile Include="..\src\io\gltf\core\texture.c">
      <Filter>src\io\gltf\core</Filter>
    </ClCompile>
    <ClCompile Include="..\src\io\gltf\gltf.c">
      <Filter>src\io\gltf</Filter>
    </ClCompile>
    <ClCompile Include="..\src\io\gltf\mesh_fixup.c">
      <Filter>src\io\gltf</Filter>
    </ClCompile>
    <ClCompile Include="..\src\io\gltf\postscript.c">
      <Filter>src\io\gltf</Filter>
    </ClCompile>
    <ClCompile Include="..\src\io\gltf\strpool.c">
      <Filter>src\io\gltf</Filter>
    </ClCompile>
    <ClCompile Include="..\src\win32\dllmain.c">
      <Filter>src\win32</Filter>
    </ClCompile>
    <ClCompile Include="..\src\io\obj\group.c">
      <Filter>src\io\obj</Filter>
    </ClCompile>
    <ClCompile Include="..\src\io\obj\mtl.c">
      <Filter>src\io\obj</Filter>
    </ClCompile>
    <ClCompile Include="..\src\io\obj\obj.c">
      <Filter>src\io\obj</Filter>
    </ClCompile>
    <ClCompile Include="..\src\io\obj\postscript.c">
      <Filter>src\io\obj</Filter>
    </ClCompile>
    <ClCompile Include="..\src\io\obj\util.c">
      <Filter>src\io\obj</Filter>
    </ClCompile>
    <ClCompile Include="..\src\io\common\util.c">
      <Filter>src\io\common</Filter>
    </ClCompile>
    <ClCompile Include="..\src\io\stl\postscript.c">
      <Filter>src\io\stl</Filter>
    </ClCompile>
    <ClCompile Include="..\src\io\stl\stl.c">
      <Filter>src\io\stl</Filter>
    </ClCompile>
    <ClCompile Include="..\src\io\ply\ply.c">
      <Filter>src\io\ply</Filter>
    </ClCompile>
    <ClCompile Include="..\src\io\ply\strpool.c">
      <Filter>src\io\ply</Filter>
    </ClCompile>
  </ItemGroup>
</Project>